
Microsoft Visual Studio Solution File, Format Version 12.00
# Visual Studio Version 17
VisualStudioVersion = 17.5.33424.131
MinimumVisualStudioVersion = 10.0.40219.1
Project("{FAE04EC0-301F-11D3-BF4B-00C04F79EFBC}") = "HeJianxiang1015ERSWindowsFormsApp", "HeJianxiang1015ERSWindowsFormsApp\HeJianxiang1015ERSWindowsFormsApp.csproj", "{F14093FD-30FF-49FD-A4F9-D57BDAB60D04}"
EndProject
Global
	GlobalSection(SolutionConfigurationPlatforms) = preSolution
		Debug|Any CPU = Debug|Any CPU
		Release|Any CPU = Release|Any CPU
	EndGlobalSection
	GlobalSection(ProjectConfigurationPlatforms) = postSolution
		{F14093FD-30FF-49FD-A4F9-D57BDAB60D04}.Debug|Any CPU.ActiveCfg = Debug|Any CPU
		{F14093FD-30FF-49FD-A4F9-D57BDAB60D04}.Debug|Any CPU.Build.0 = Debug|Any CPU
		{F14093FD-30FF-49FD-A4F9-D57BDAB60D04}.Release|Any CPU.ActiveCfg = Release|Any CPU
		{F14093FD-30FF-49FD-A4F9-D57BDAB60D04}.Release|Any CPU.Build.0 = Release|Any CPU
	EndGlobalSection
	GlobalSection(SolutionProperties) = preSolution
		HideSolutionNode = FALSE
	EndGlobalSection
	GlobalSection(ExtensibilityGlobals) = postSolution
		SolutionGuid = {AC418421-9133-444F-957F-24FC51E2893C}
	EndGlobalSection
EndGlobal
